
Microsoft Visual Studio Solution File, Format Version 12.00
# Visual Studio Version 17
VisualStudioVersion = 17.11.35431.28
MinimumVisualStudioVersion = 10.0.40219.1
Project("{FAE04EC0-301F-11D3-BF4B-00C04F79EFBC}") = "BookingSystem", "BookingSystem.csproj", "{51F996F5-57CA-4FF8-80FB-EB0EB5113016}"
EndProject
Global
	GlobalSection(SolutionConfigurationPlatforms) = preSolution
		Debug|Any CPU = Debug|Any CPU
		Release|Any CPU = Release|Any CPU
	EndGlobalSection
	GlobalSection(ProjectConfigurationPlatforms) = postSolution
		{51F996F5-57CA-4FF8-80FB-EB0EB5113016}.Debug|Any CPU.ActiveCfg = Debug|Any CPU
		{51F996F5-57CA-4FF8-80FB-EB0EB5113016}.Debug|Any CPU.Build.0 = Debug|Any CPU
		{51F996F5-57CA-4FF8-80FB-EB0EB5113016}.Release|Any CPU.ActiveCfg = Release|Any CPU
		{51F996F5-57CA-4FF8-80FB-EB0EB5113016}.Release|Any CPU.Build.0 = Release|Any CPU
	EndGlobalSection
	GlobalSection(SolutionProperties) = preSolution
		HideSolutionNode = FALSE
	EndGlobalSection
	GlobalSection(ExtensibilityGlobals) = postSolution
		SolutionGuid = {74C5D8AD-E3AE-4CE5-ABB8-8F16A943C87A}
	EndGlobalSection
EndGlobal
